
Microsoft Visual Studio Solution File, Format Version 12.00
# Visual Studio Version 17
VisualStudioVersion = 17.14.36429.23
MinimumVisualStudioVersion = 10.0.40219.1
Project("{2150E333-8FDC-42A3-9474-1A3956D46DE8}") = "Task0", "Task0", "{02EA681E-C7D8-13C7-8484-4AC65E1B71E8}"
EndProject
Project("{FAE04EC0-301F-11D3-BF4B-00C04F79EFBC}") = "Tyuiu.StepanovNV.Spint0.Task0.V0", "Tyuiu.StepanovNV.Spint0.Task0.V0\Tyuiu.StepanovNV.Spint0.Task0.V0.csproj", "{AB3DDF1B-4829-464B-9C78-8F82888875FA}"
EndProject
Project("{2150E333-8FDC-42A3-9474-1A3956D46DE8}") = "Task1", "Task1", "{57E71BE0-1B2E-42FE-89B1-53095CCDCF05}"
EndProject
Project("{FAE04EC0-301F-11D3-BF4B-00C04F79EFBC}") = "Tyuiu.StepanovNV.Sprint0.Task1.V0", "Tyuiu.StepanovNV.sprint0.Task1.V0\Tyuiu.StepanovNV.Sprint0.Task1.V0.csproj", "{CF9C32C0-3070-4535-BF70-21D2863C313F}"
EndProject
Project("{2150E333-8FDC-42A3-9474-1A3956D46DE8}") = "Task2", "Task2", "{8EB17B79-1E81-4788-8AD8-DB08DC08518E}"
EndProject
Project("{FAE04EC0-301F-11D3-BF4B-00C04F79EFBC}") = "Tyuiu.StepanovNV.Sprint0.Task2.V0", "Tyuiu.StepanovNV.Sprint0.Task2.V0\Tyuiu.StepanovNV.Sprint0.Task2.V0.csproj", "{AF11FFC9-C24A-40F8-8E5B-8124308890FB}"
EndProject
Project("{FAE04EC0-301F-11D3-BF4B-00C04F79EFBC}") = "Tyuiu.StepanovNV.Sprint0.Task2.V0.lib", "Tyuiu.StepanovNV.Sprint0.Task2.V0.lib\Tyuiu.StepanovNV.Sprint0.Task2.V0.lib.csproj", "{86DCD534-02E7-45BE-A003-85CDAF9F2FF0}"
EndProject
Project("{FAE04EC0-301F-11D3-BF4B-00C04F79EFBC}") = "Tyuiu.StepanovNV.Sprint0.Task2.V0.test", "Tyuiu.StepanovNV.Sprint0.Task2.V0.test\Tyuiu.StepanovNV.Sprint0.Task2.V0.test.csproj", "{17B5C261-F79A-4039-96FA-FBD7C582A3D1}"
EndProject
Project("{2150E333-8FDC-42A3-9474-1A3956D46DE8}") = "Task3", "Task3", "{EDF2097E-9BA8-4282-BA5D-737FEA1C3FAA}"
EndProject
Project("{FAE04EC0-301F-11D3-BF4B-00C04F79EFBC}") = "Tyuiu.StepanovNV.Sprint0.Task3.V0", "Tyuiu.StepanovNV.Sprint0.Task3.V0\Tyuiu.StepanovNV.Sprint0.Task3.V0.csproj", "{CA1738D1-1B5D-4CDB-84F0-1038B684CA8E}"
EndProject
Project("{FAE04EC0-301F-11D3-BF4B-00C04F79EFBC}") = "Tyuiu.StepanovNV.Sprint0.Task3.V0.Lib", "Tyuiu.StepanovNV.Sprint0.Task3.V0.Lib\Tyuiu.StepanovNV.Sprint0.Task3.V0.Lib.csproj", "{7BB4203C-C5E8-4E09-BF80-D13C5876F078}"
EndProject
Project("{FAE04EC0-301F-11D3-BF4B-00C04F79EFBC}") = "Tyuiu.StepanovNV.Sprint0.Task3.V0.Test", "Tyuiu.StepanovNV.Sprint0.Task3.V0.Test\Tyuiu.StepanovNV.Sprint0.Task3.V0.Test.csproj", "{EF6A75CC-7D40-4806-AD23-FAC98AD23FD4}"
EndProject
Project("{2150E333-8FDC-42A3-9474-1A3956D46DE8}") = "Task4", "Task4", "{FC795E12-2C90-40D5-A092-53518563A40F}"
EndProject
Project("{FAE04EC0-301F-11D3-BF4B-00C04F79EFBC}") = "Tyuiu.StepanovNV.Sprint0.Task4.V0", "Tyuiu.StepanovNV.Sprint0.Task4.V0\Tyuiu.StepanovNV.Sprint0.Task4.V0.csproj", "{86C4F24F-6DA9-4229-BBC3-A6D000BAD26C}"
EndProject
Project("{FAE04EC0-301F-11D3-BF4B-00C04F79EFBC}") = "Tyuiu.StepanovNV.Sprint0.Task4.V0.Lib", "Tyuiu.StepanovNV.Sprint0.Task4.V0.Lib\Tyuiu.StepanovNV.Sprint0.Task4.V0.Lib.csproj", "{523DA8DE-5FAB-4DA5-97A1-B1B2F8EE8D75}"
EndProject
Project("{FAE04EC0-301F-11D3-BF4B-00C04F79EFBC}") = "Tyuiu.StepanovNV.Sprint0.Task4.V0.Test", "Tyuiu.StepanovNV.Sprint0.Task4.V0.Test\Tyuiu.StepanovNV.Sprint0.Task4.V0.Test.csproj", "{FBEE56F2-01D6-490F-9AA7-4F9342089117}"
EndProject
Project("{2150E333-8FDC-42A3-9474-1A3956D46DE8}") = "Task5", "Task5", "{3A062376-F820-4BAA-B649-FD3273ADA4D4}"
EndProject
Project("{FAE04EC0-301F-11D3-BF4B-00C04F79EFBC}") = "Tyuiu.StepanovNV.Sprint0.Task5.V0.Lib", "Tyuiu.StepanovNV.Sprint0.Task5.V0.Lib\Tyuiu.StepanovNV.Sprint0.Task5.V0.Lib.csproj", "{F1214C1E-F5B1-447E-BC0B-46A5867C0BEB}"
EndProject
Project("{FAE04EC0-301F-11D3-BF4B-00C04F79EFBC}") = "Tyuiu.StepanovNV.Sprint0.Task5.V0.Test", "Tyuiu.StepanovNV.Sprint0.Task5.V0.Test\Tyuiu.StepanovNV.Sprint0.Task5.V0.Test.csproj", "{B425A02B-33F0-4AB3-BA5B-654C8BB29122}"
EndProject
Project("{FAE04EC0-301F-11D3-BF4B-00C04F79EFBC}") = "Tyuiu.StepanovNV.Sprint0.Task5.V0", "Tyuiu.StepanovNV.Sprint0.Task5.V0\Tyuiu.StepanovNV.Sprint0.Task5.V0.csproj", "{41354733-36D6-401C-AE65-63B806696219}"
EndProject
Project("{2150E333-8FDC-42A3-9474-1A3956D46DE8}") = "Task6", "Task6", "{731E5F01-4EAE-4086-AD68-512768DF9DD8}"
EndProject
Project("{FAE04EC0-301F-11D3-BF4B-00C04F79EFBC}") = "Tyuiu.StepanovNV.Sprint0.Task6.V0", "Tyuiu.StepanovNV.Sprint0.Task6.V0\Tyuiu.StepanovNV.Sprint0.Task6.V0.csproj", "{5F06C425-011A-4BEF-B493-E0AA6D27D768}"
EndProject
Project("{FAE04EC0-301F-11D3-BF4B-00C04F79EFBC}") = "Tyuiu.StepanovNV.Sprint0.Task6.V0.Lib", "Tyuiu.StepanovNV.Sprint0.Task6.V0.Lib\Tyuiu.StepanovNV.Sprint0.Task6.V0.Lib.csproj", "{6A1F4E69-49C8-47CC-8393-205595ABCFE6}"
EndProject
Project("{FAE04EC0-301F-11D3-BF4B-00C04F79EFBC}") = "Tyuiu.StepanovNV.Sprint0.Task6.V0.Test", "Tyuiu.StepanovNV.Sprint0.Task6.V0.Test\Tyuiu.StepanovNV.Sprint0.Task6.V0.Test.csproj", "{C0AABF4E-FFD2-41F0-8672-6D33D73DEE34}"
EndProject
Project("{2150E333-8FDC-42A3-9474-1A3956D46DE8}") = "Task7", "Task7", "{7692AAA4-5ABB-477D-BCAC-B5641E89BC1B}"
EndProject
Project("{FAE04EC0-301F-11D3-BF4B-00C04F79EFBC}") = "Tyuiu.StepanovNV.Sprint0.Task7.V0", "Tyuiu.StepanovNV.Sprint0.Task7.V0\Tyuiu.StepanovNV.Sprint0.Task7.V0.csproj", "{DE336B9E-19A3-4F7F-86FF-F6E2988E6A6A}"
EndProject
Project("{FAE04EC0-301F-11D3-BF4B-00C04F79EFBC}") = "Tyuiu.StepanovNV.Sprint0.Task7.V0.Lib", "Tyuiu.StepanovNV.Sprint0.Task7.V0.Lib\Tyuiu.StepanovNV.Sprint0.Task7.V0.Lib.csproj", "{0A93CADF-DCFA-4BDC-A3CB-2E3BD6F3933E}"
EndProject
Project("{FAE04EC0-301F-11D3-BF4B-00C04F79EFBC}") = "Tyuiu.StepanovNV.Sprint0.Task7.V0.Test", "Tyuiu.StepanovNV.Sprint0.Task7.V0.Test\Tyuiu.StepanovNV.Sprint0.Task7.V0.Test.csproj", "{3A6D7B8C-51A3-4BE2-92AF-BD39ABDBFA14}"
EndProject
Global
	GlobalSection(SolutionConfigurationPlatforms) = preSolution
		Debug|Any CPU = Debug|Any CPU
		Release|Any CPU = Release|Any CPU
	EndGlobalSection
	GlobalSection(ProjectConfigurationPlatforms) = postSolution
		{AB3DDF1B-4829-464B-9C78-8F82888875FA}.Debug|Any CPU.ActiveCfg = Debug|Any CPU
		{AB3DDF1B-4829-464B-9C78-8F82888875FA}.Debug|Any CPU.Build.0 = Debug|Any CPU
		{AB3DDF1B-4829-464B-9C78-8F82888875FA}.Release|Any CPU.ActiveCfg = Release|Any CPU
		{AB3DDF1B-4829-464B-9C78-8F82888875FA}.Release|Any CPU.Build.0 = Release|Any CPU
		{CF9C32C0-3070-4535-BF70-21D2863C313F}.Debug|Any CPU.ActiveCfg = Debug|Any CPU
		{CF9C32C0-3070-4535-BF70-21D2863C313F}.Debug|Any CPU.Build.0 = Debug|Any CPU
		{CF9C32C0-3070-4535-BF70-21D2863C313F}.Release|Any CPU.ActiveCfg = Release|Any CPU
		{CF9C32C0-3070-4535-BF70-21D2863C313F}.Release|Any CPU.Build.0 = Release|Any CPU
		{AF11FFC9-C24A-40F8-8E5B-8124308890FB}.Debug|Any CPU.ActiveCfg = Debug|Any CPU
		{AF11FFC9-C24A-40F8-8E5B-8124308890FB}.Debug|Any CPU.Build.0 = Debug|Any CPU
		{AF11FFC9-C24A-40F8-8E5B-8124308890FB}.Release|Any CPU.ActiveCfg = Release|Any CPU
		{AF11FFC9-C24A-40F8-8E5B-8124308890FB}.Release|Any CPU.Build.0 = Release|Any CPU
		{86DCD534-02E7-45BE-A003-85CDAF9F2FF0}.Debug|Any CPU.ActiveCfg = Debug|Any CPU
		{86DCD534-02E7-45BE-A003-85CDAF9F2FF0}.Debug|Any CPU.Build.0 = Debug|Any CPU
		{86DCD534-02E7-45BE-A003-85CDAF9F2FF0}.Release|Any CPU.ActiveCfg = Release|Any CPU
		{86DCD534-02E7-45BE-A003-85CDAF9F2FF0}.Release|Any CPU.Build.0 = Release|Any CPU
		{17B5C261-F79A-4039-96FA-FBD7C582A3D1}.Debug|Any CPU.ActiveCfg = Debug|Any CPU
		{17B5C261-F79A-4039-96FA-FBD7C582A3D1}.Debug|Any CPU.Build.0 = Debug|Any CPU
		{17B5C261-F79A-4039-96FA-FBD7C582A3D1}.Release|Any CPU.ActiveCfg = Release|Any CPU
		{17B5C261-F79A-4039-96FA-FBD7C582A3D1}.Release|Any CPU.Build.0 = Release|Any CPU
		{CA1738D1-1B5D-4CDB-84F0-1038B684CA8E}.Debug|Any CPU.ActiveCfg = Debug|Any CPU
		{CA1738D1-1B5D-4CDB-84F0-1038B684CA8E}.Debug|Any CPU.Build.0 = Debug|Any CPU
		{CA1738D1-1B5D-4CDB-84F0-1038B684CA8E}.Release|Any CPU.ActiveCfg = Release|Any CPU
		{CA1738D1-1B5D-4CDB-84F0-1038B684CA8E}.Release|Any CPU.Build.0 = Release|Any CPU
		{7BB4203C-C5E8-4E09-BF80-D13C5876F078}.Debug|Any CPU.ActiveCfg = Debug|Any CPU
		{7BB4203C-C5E8-4E09-BF80-D13C5876F078}.Debug|Any CPU.Build.0 = Debug|Any CPU
		{7BB4203C-C5E8-4E09-BF80-D13C5876F078}.Release|Any CPU.ActiveCfg = Release|Any CPU
		{7BB4203C-C5E8-4E09-BF80-D13C5876F078}.Release|Any CPU.Build.0 = Release|Any CPU
		{EF6A75CC-7D40-4806-AD23-FAC98AD23FD4}.Debug|Any CPU.ActiveCfg = Debug|Any CPU
		{EF6A75CC-7D40-4806-AD23-FAC98AD23FD4}.Debug|Any CPU.Build.0 = Debug|Any CPU
		{EF6A75CC-7D40-4806-AD23-FAC98AD23FD4}.Release|Any CPU.ActiveCfg = Release|Any CPU
		{EF6A75CC-7D40-4806-AD23-FAC98AD23FD4}.Release|Any CPU.Build.0 = Release|Any CPU
		{86C4F24F-6DA9-4229-BBC3-A6D000BAD26C}.Debug|Any CPU.ActiveCfg = Debug|Any CPU
		{86C4F24F-6DA9-4229-BBC3-A6D000BAD26C}.Debug|Any CPU.Build.0 = Debug|Any CPU
		{86C4F24F-6DA9-4229-BBC3-A6D000BAD26C}.Release|Any CPU.ActiveCfg = Release|Any CPU
		{86C4F24F-6DA9-4229-BBC3-A6D000BAD26C}.Release|Any CPU.Build.0 = Release|Any CPU
		{523DA8DE-5FAB-4DA5-97A1-B1B2F8EE8D75}.Debug|Any CPU.ActiveCfg = Debug|Any CPU
		{523DA8DE-5FAB-4DA5-97A1-B1B2F8EE8D75}.Debug|Any CPU.Build.0 = Debug|Any CPU
		{523DA8DE-5FAB-4DA5-97A1-B1B2F8EE8D75}.Release|Any CPU.ActiveCfg = Release|Any CPU
		{523DA8DE-5FAB-4DA5-97A1-B1B2F8EE8D75}.Release|Any CPU.Build.0 = Release|Any CPU
		{FBEE56F2-01D6-490F-9AA7-4F9342089117}.Debug|Any CPU.ActiveCfg = Debug|Any CPU
		{FBEE56F2-01D6-490F-9AA7-4F9342089117}.Debug|Any CPU.Build.0 = Debug|Any CPU
		{FBEE56F2-01D6-490F-9AA7-4F9342089117}.Release|Any CPU.ActiveCfg = Release|Any CPU
		{FBEE56F2-01D6-490F-9AA7-4F9342089117}.Release|Any CPU.Build.0 = Release|Any CPU
		{F1214C1E-F5B1-447E-BC0B-46A5867C0BEB}.Debug|Any CPU.ActiveCfg = Debug|Any CPU
		{F1214C1E-F5B1-447E-BC0B-46A5867C0BEB}.Debug|Any CPU.Build.0 = Debug|Any CPU
		{F1214C1E-F5B1-447E-BC0B-46A5867C0BEB}.Release|Any CPU.ActiveCfg = Release|Any CPU
		{F1214C1E-F5B1-447E-BC0B-46A5867C0BEB}.Release|Any CPU.Build.0 = Release|Any CPU
		{B425A02B-33F0-4AB3-BA5B-654C8BB29122}.Debug|Any CPU.ActiveCfg = Debug|Any CPU
		{B425A02B-33F0-4AB3-BA5B-654C8BB29122}.Debug|Any CPU.Build.0 = Debug|Any CPU
		{B425A02B-33F0-4AB3-BA5B-654C8BB29122}.Release|Any CPU.ActiveCfg = Release|Any CPU
		{B425A02B-33F0-4AB3-BA5B-654C8BB29122}.Release|Any CPU.Build.0 = Release|Any CPU
		{41354733-36D6-401C-AE65-63B806696219}.Debug|Any CPU.ActiveCfg = Debug|Any CPU
		{41354733-36D6-401C-AE65-63B806696219}.Debug|Any CPU.Build.0 = Debug|Any CPU
		{41354733-36D6-401C-AE65-63B806696219}.Release|Any CPU.ActiveCfg = Release|Any CPU
		{41354733-36D6-401C-AE65-63B806696219}.Release|Any CPU.Build.0 = Release|Any CPU
		{5F06C425-011A-4BEF-B493-E0AA6D27D768}.Debug|Any CPU.ActiveCfg = Debug|Any CPU
		{5F06C425-011A-4BEF-B493-E0AA6D27D768}.Debug|Any CPU.Build.0 = Debug|Any CPU
		{5F06C425-011A-4BEF-B493-E0AA6D27D768}.Release|Any CPU.ActiveCfg = Release|Any CPU
		{5F06C425-011A-4BEF-B493-E0AA6D27D768}.Release|Any CPU.Build.0 = Release|Any CPU
		{6A1F4E69-49C8-47CC-8393-205595ABCFE6}.Debug|Any CPU.ActiveCfg = Debug|Any CPU
		{6A1F4E69-49C8-47CC-8393-205595ABCFE6}.Debug|Any CPU.Build.0 = Debug|Any CPU
		{6A1F4E69-49C8-47CC-8393-205595ABCFE6}.Release|Any CPU.ActiveCfg = Release|Any CPU
		{6A1F4E69-49C8-47CC-8393-205595ABCFE6}.Release|Any CPU.Build.0 = Release|Any CPU
		{C0AABF4E-FFD2-41F0-8672-6D33D73DEE34}.Debug|Any CPU.ActiveCfg = Debug|Any CPU
		{C0AABF4E-FFD2-41F0-8672-6D33D73DEE34}.Debug|Any CPU.Build.0 = Debug|Any CPU
		{C0AABF4E-FFD2-41F0-8672-6D33D73DEE34}.Release|Any CPU.ActiveCfg = Release|Any CPU
		{C0AABF4E-FFD2-41F0-8672-6D33D73DEE34}.Release|Any CPU.Build.0 = Release|Any CPU
		{DE336B9E-19A3-4F7F-86FF-F6E2988E6A6A}.Debug|Any CPU.ActiveCfg = Debug|Any CPU
		{DE336B9E-19A3-4F7F-86FF-F6E2988E6A6A}.Debug|Any CPU.Build.0 = Debug|Any CPU
		{DE336B9E-19A3-4F7F-86FF-F6E2988E6A6A}.Release|Any CPU.ActiveCfg = Release|Any CPU
		{DE336B9E-19A3-4F7F-86FF-F6E2988E6A6A}.Release|Any CPU.Build.0 = Release|Any CPU
		{0A93CADF-DCFA-4BDC-A3CB-2E3BD6F3933E}.Debug|Any CPU.ActiveCfg = Debug|Any CPU
		{0A93CADF-DCFA-4BDC-A3CB-2E3BD6F3933E}.Debug|Any CPU.Build.0 = Debug|Any CPU
		{0A93CADF-DCFA-4BDC-A3CB-2E3BD6F3933E}.Release|Any CPU.ActiveCfg = Release|Any CPU
		{0A93CADF-DCFA-4BDC-A3CB-2E3BD6F3933E}.Release|Any CPU.Build.0 = Release|Any CPU
		{3A6D7B8C-51A3-4BE2-92AF-BD39ABDBFA14}.Debug|Any CPU.ActiveCfg = Debug|Any CPU
		{3A6D7B8C-51A3-4BE2-92AF-BD39ABDBFA14}.Debug|Any CPU.Build.0 = Debug|Any CPU
		{3A6D7B8C-51A3-4BE2-92AF-BD39ABDBFA14}.Release|Any CPU.ActiveCfg = Release|Any CPU
		{3A6D7B8C-51A3-4BE2-92AF-BD39ABDBFA14}.Release|Any CPU.Build.0 = Release|Any CPU
	EndGlobalSection
	GlobalSection(SolutionProperties) = preSolution
		HideSolutionNode = FALSE
	EndGlobalSection
	GlobalSection(NestedProjects) = preSolution
		{AB3DDF1B-4829-464B-9C78-8F82888875FA} = {02EA681E-C7D8-13C7-8484-4AC65E1B71E8}
		{CF9C32C0-3070-4535-BF70-21D2863C313F} = {57E71BE0-1B2E-42FE-89B1-53095CCDCF05}
		{AF11FFC9-C24A-40F8-8E5B-8124308890FB} = {8EB17B79-1E81-4788-8AD8-DB08DC08518E}
		{86DCD534-02E7-45BE-A003-85CDAF9F2FF0} = {8EB17B79-1E81-4788-8AD8-DB08DC08518E}
		{17B5C261-F79A-4039-96FA-FBD7C582A3D1} = {8EB17B79-1E81-4788-8AD8-DB08DC08518E}
		{CA1738D1-1B5D-4CDB-84F0-1038B684CA8E} = {EDF2097E-9BA8-4282-BA5D-737FEA1C3FAA}
		{7BB4203C-C5E8-4E09-BF80-D13C5876F078} = {EDF2097E-9BA8-4282-BA5D-737FEA1C3FAA}
		{EF6A75CC-7D40-4806-AD23-FAC98AD23FD4} = {EDF2097E-9BA8-4282-BA5D-737FEA1C3FAA}
		{86C4F24F-6DA9-4229-BBC3-A6D000BAD26C} = {FC795E12-2C90-40D5-A092-53518563A40F}
		{523DA8DE-5FAB-4DA5-97A1-B1B2F8EE8D75} = {FC795E12-2C90-40D5-A092-53518563A40F}
		{FBEE56F2-01D6-490F-9AA7-4F9342089117} = {FC795E12-2C90-40D5-A092-53518563A40F}
		{F1214C1E-F5B1-447E-BC0B-46A5867C0BEB} = {3A062376-F820-4BAA-B649-FD3273ADA4D4}
		{B425A02B-33F0-4AB3-BA5B-654C8BB29122} = {3A062376-F820-4BAA-B649-FD3273ADA4D4}
		{41354733-36D6-401C-AE65-63B806696219} = {3A062376-F820-4BAA-B649-FD3273ADA4D4}
		{5F06C425-011A-4BEF-B493-E0AA6D27D768} = {731E5F01-4EAE-4086-AD68-512768DF9DD8}
		{6A1F4E69-49C8-47CC-8393-205595ABCFE6} = {731E5F01-4EAE-4086-AD68-512768DF9DD8}
		{C0AABF4E-FFD2-41F0-8672-6D33D73DEE34} = {731E5F01-4EAE-4086-AD68-512768DF9DD8}
		{DE336B9E-19A3-4F7F-86FF-F6E2988E6A6A} = {7692AAA4-5ABB-477D-BCAC-B5641E89BC1B}
		{0A93CADF-DCFA-4BDC-A3CB-2E3BD6F3933E} = {7692AAA4-5ABB-477D-BCAC-B5641E89BC1B}
		{3A6D7B8C-51A3-4BE2-92AF-BD39ABDBFA14} = {7692AAA4-5ABB-477D-BCAC-B5641E89BC1B}
	EndGlobalSection
	GlobalSection(ExtensibilityGlobals) = postSolution
		SolutionGuid = {F12E306C-DAD6-410C-8FE0-84218703E659}
	EndGlobalSection
EndGlobal
