
Microsoft Visual Studio Solution File, Format Version 12.00
# Visual Studio Version 17
VisualStudioVersion = 17.14.36429.23
MinimumVisualStudioVersion = 10.0.40219.1
Project("{2150E333-8FDC-42A3-9474-1A3956D46DE8}") = "Task0", "Task0", "{02EA681E-C7D8-13C7-8484-4AC65E1B71E8}"
EndProject
Project("{FAE04EC0-301F-11D3-BF4B-00C04F79EFBC}") = "Tyuiu.StepanovNV.Spint0.Task0.V0", "Tyuiu.StepanovNV.Spint0.Task0.V0\Tyuiu.StepanovNV.Spint0.Task0.V0.csproj", "{AB3DDF1B-4829-464B-9C78-8F82888875FA}"
EndProject
Project("{2150E333-8FDC-42A3-9474-1A3956D46DE8}") = "Task1", "Task1", "{57E71BE0-1B2E-42FE-89B1-53095CCDCF05}"
EndProject
Project("{FAE04EC0-301F-11D3-BF4B-00C04F79EFBC}") = "Tyuiu.StepanovNV.Sprint0.Task1.V0", "Tyuiu.StepanovNV.sprint0.Task1.V0\Tyuiu.StepanovNV.Sprint0.Task1.V0.csproj", "{CF9C32C0-3070-4535-BF70-21D2863C313F}"
EndProject
Project("{2150E333-8FDC-42A3-9474-1A3956D46DE8}") = "Task2", "Task2", "{8EB17B79-1E81-4788-8AD8-DB08DC08518E}"
EndProject
Project("{FAE04EC0-301F-11D3-BF4B-00C04F79EFBC}") = "Tyuiu.StepanovNV.Sprint0.Task2.V0", "Tyuiu.StepanovNV.Sprint0.Task2.V0\Tyuiu.StepanovNV.Sprint0.Task2.V0.csproj", "{AF11FFC9-C24A-40F8-8E5B-8124308890FB}"
EndProject
Project("{FAE04EC0-301F-11D3-BF4B-00C04F79EFBC}") = "Tyuiu.StepanovNV.Sprint0.Task2.V0.lib", "Tyuiu.StepanovNV.Sprint0.Task2.V0.lib\Tyuiu.StepanovNV.Sprint0.Task2.V0.lib.csproj", "{86DCD534-02E7-45BE-A003-85CDAF9F2FF0}"
EndProject
Project("{FAE04EC0-301F-11D3-BF4B-00C04F79EFBC}") = "Tyuiu.StepanovNV.Sprint0.Task2.V0.test", "Tyuiu.StepanovNV.Sprint0.Task2.V0.test\Tyuiu.StepanovNV.Sprint0.Task2.V0.test.csproj", "{17B5C261-F79A-4039-96FA-FBD7C582A3D1}"
EndProject
Global
	GlobalSection(SolutionConfigurationPlatforms) = preSolution
		Debug|Any CPU = Debug|Any CPU
		Release|Any CPU = Release|Any CPU
	EndGlobalSection
	GlobalSection(ProjectConfigurationPlatforms) = postSolution
		{AB3DDF1B-4829-464B-9C78-8F82888875FA}.Debug|Any CPU.ActiveCfg = Debug|Any CPU
		{AB3DDF1B-4829-464B-9C78-8F82888875FA}.Debug|Any CPU.Build.0 = Debug|Any CPU
		{AB3DDF1B-4829-464B-9C78-8F82888875FA}.Release|Any CPU.ActiveCfg = Release|Any CPU
		{AB3DDF1B-4829-464B-9C78-8F82888875FA}.Release|Any CPU.Build.0 = Release|Any CPU
		{CF9C32C0-3070-4535-BF70-21D2863C313F}.Debug|Any CPU.ActiveCfg = Debug|Any CPU
		{CF9C32C0-3070-4535-BF70-21D2863C313F}.Debug|Any CPU.Build.0 = Debug|Any CPU
		{CF9C32C0-3070-4535-BF70-21D2863C313F}.Release|Any CPU.ActiveCfg = Release|Any CPU
		{CF9C32C0-3070-4535-BF70-21D2863C313F}.Release|Any CPU.Build.0 = Release|Any CPU
		{AF11FFC9-C24A-40F8-8E5B-8124308890FB}.Debug|Any CPU.ActiveCfg = Debug|Any CPU
		{AF11FFC9-C24A-40F8-8E5B-8124308890FB}.Debug|Any CPU.Build.0 = Debug|Any CPU
		{AF11FFC9-C24A-40F8-8E5B-8124308890FB}.Release|Any CPU.ActiveCfg = Release|Any CPU
		{AF11FFC9-C24A-40F8-8E5B-8124308890FB}.Release|Any CPU.Build.0 = Release|Any CPU
		{86DCD534-02E7-45BE-A003-85CDAF9F2FF0}.Debug|Any CPU.ActiveCfg = Debug|Any CPU
		{86DCD534-02E7-45BE-A003-85CDAF9F2FF0}.Debug|Any CPU.Build.0 = Debug|Any CPU
		{86DCD534-02E7-45BE-A003-85CDAF9F2FF0}.Release|Any CPU.ActiveCfg = Release|Any CPU
		{86DCD534-02E7-45BE-A003-85CDAF9F2FF0}.Release|Any CPU.Build.0 = Release|Any CPU
		{17B5C261-F79A-4039-96FA-FBD7C582A3D1}.Debug|Any CPU.ActiveCfg = Debug|Any CPU
		{17B5C261-F79A-4039-96FA-FBD7C582A3D1}.Debug|Any CPU.Build.0 = Debug|Any CPU
		{17B5C261-F79A-4039-96FA-FBD7C582A3D1}.Release|Any CPU.ActiveCfg = Release|Any CPU
		{17B5C261-F79A-4039-96FA-FBD7C582A3D1}.Release|Any CPU.Build.0 = Release|Any CPU
	EndGlobalSection
	GlobalSection(SolutionProperties) = preSolution
		HideSolutionNode = FALSE
	EndGlobalSection
	GlobalSection(NestedProjects) = preSolution
		{AB3DDF1B-4829-464B-9C78-8F82888875FA} = {02EA681E-C7D8-13C7-8484-4AC65E1B71E8}
		{CF9C32C0-3070-4535-BF70-21D2863C313F} = {57E71BE0-1B2E-42FE-89B1-53095CCDCF05}
		{AF11FFC9-C24A-40F8-8E5B-8124308890FB} = {8EB17B79-1E81-4788-8AD8-DB08DC08518E}
		{86DCD534-02E7-45BE-A003-85CDAF9F2FF0} = {8EB17B79-1E81-4788-8AD8-DB08DC08518E}
		{17B5C261-F79A-4039-96FA-FBD7C582A3D1} = {8EB17B79-1E81-4788-8AD8-DB08DC08518E}
	EndGlobalSection
	GlobalSection(ExtensibilityGlobals) = postSolution
		SolutionGuid = {F12E306C-DAD6-410C-8FE0-84218703E659}
	EndGlobalSection
EndGlobal
